
Microsoft Visual Studio Solution File, Format Version 12.00
# Visual Studio 15
VisualStudioVersion = 15.0.28307.572
MinimumVisualStudioVersion = 10.0.40219.1
Project("{FAE04EC0-301F-11D3-BF4B-00C04F79EFBC}") = "OnlineShop", "OnlineShop\OnlineShop.csproj", "{895C2C38-D910-4C9D-976D-ED065BC8DAA6}"
EndProject
Project("{FAE04EC0-301F-11D3-BF4B-00C04F79EFBC}") = "Model", "Model\Model.csproj", "{32B5FCE6-4CDA-4E8B-9D82-8AADF5BB5313}"
EndProject
Global
	GlobalSection(SolutionConfigurationPlatforms) = preSolution
		Debug|Any CPU = Debug|Any CPU
		Release|Any CPU = Release|Any CPU
	EndGlobalSection
	GlobalSection(ProjectConfigurationPlatforms) = postSolution
		{895C2C38-D910-4C9D-976D-ED065BC8DAA6}.Debug|Any CPU.ActiveCfg = Debug|Any CPU
		{895C2C38-D910-4C9D-976D-ED065BC8DAA6}.Debug|Any CPU.Build.0 = Debug|Any CPU
		{895C2C38-D910-4C9D-976D-ED065BC8DAA6}.Release|Any CPU.ActiveCfg = Release|Any CPU
		{895C2C38-D910-4C9D-976D-ED065BC8DAA6}.Release|Any CPU.Build.0 = Release|Any CPU
		{32B5FCE6-4CDA-4E8B-9D82-8AADF5BB5313}.Debug|Any CPU.ActiveCfg = Debug|Any CPU
		{32B5FCE6-4CDA-4E8B-9D82-8AADF5BB5313}.Debug|Any CPU.Build.0 = Debug|Any CPU
		{32B5FCE6-4CDA-4E8B-9D82-8AADF5BB5313}.Release|Any CPU.ActiveCfg = Release|Any CPU
		{32B5FCE6-4CDA-4E8B-9D82-8AADF5BB5313}.Release|Any CPU.Build.0 = Release|Any CPU
	EndGlobalSection
	GlobalSection(SolutionProperties) = preSolution
		HideSolutionNode = FALSE
	EndGlobalSection
	GlobalSection(ExtensibilityGlobals) = postSolution
		SolutionGuid = {20F23961-180B-4E3B-9D79-62F12794B121}
	EndGlobalSection
EndGlobal
