
Microsoft Visual Studio Solution File, Format Version 12.00
# Visual Studio Version 16
VisualStudioVersion = 16.0.29215.179
MinimumVisualStudioVersion = 10.0.40219.1
Project("{FAE04EC0-301F-11D3-BF4B-00C04F79EFBC}") = "LTT", "LTT\LTT.csproj", "{BBC62336-A3DF-4A66-86E9-384FF54C44D0}"
EndProject
Project("{FAE04EC0-301F-11D3-BF4B-00C04F79EFBC}") = "LTT.Models", "LTT.Models\LTT.Models.csproj", "{03495B38-8C1B-49EC-8C77-2341FA88189B}"
EndProject
Global
	GlobalSection(SolutionConfigurationPlatforms) = preSolution
		Debug|Any CPU = Debug|Any CPU
		Release|Any CPU = Release|Any CPU
	EndGlobalSection
	GlobalSection(ProjectConfigurationPlatforms) = postSolution
		{BBC62336-A3DF-4A66-86E9-384FF54C44D0}.Debug|Any CPU.ActiveCfg = Debug|Any CPU
		{BBC62336-A3DF-4A66-86E9-384FF54C44D0}.Debug|Any CPU.Build.0 = Debug|Any CPU
		{BBC62336-A3DF-4A66-86E9-384FF54C44D0}.Release|Any CPU.ActiveCfg = Release|Any CPU
		{BBC62336-A3DF-4A66-86E9-384FF54C44D0}.Release|Any CPU.Build.0 = Release|Any CPU
		{03495B38-8C1B-49EC-8C77-2341FA88189B}.Debug|Any CPU.ActiveCfg = Debug|Any CPU
		{03495B38-8C1B-49EC-8C77-2341FA88189B}.Debug|Any CPU.Build.0 = Debug|Any CPU
		{03495B38-8C1B-49EC-8C77-2341FA88189B}.Release|Any CPU.ActiveCfg = Release|Any CPU
		{03495B38-8C1B-49EC-8C77-2341FA88189B}.Release|Any CPU.Build.0 = Release|Any CPU
	EndGlobalSection
	GlobalSection(SolutionProperties) = preSolution
		HideSolutionNode = FALSE
	EndGlobalSection
	GlobalSection(ExtensibilityGlobals) = postSolution
		SolutionGuid = {63FE9BF7-7979-4009-9CCB-E12B533A49F1}
	EndGlobalSection
EndGlobal
